
Microsoft Visual Studio Solution File, Format Version 12.00
# Visual Studio Version 17
VisualStudioVersion = 17.5.33424.131
MinimumVisualStudioVersion = 10.0.40219.1
Project("{FAE04EC0-301F-11D3-BF4B-00C04F79EFBC}") = "MyApiCore5", "MyApiCore5\MyApiCore5.csproj", "{882CA312-2788-44ED-B92D-B56D5B3FEF2C}"
EndProject
Global
	GlobalSection(SolutionConfigurationPlatforms) = preSolution
		Debug|Any CPU = Debug|Any CPU
		Release|Any CPU = Release|Any CPU
	EndGlobalSection
	GlobalSection(ProjectConfigurationPlatforms) = postSolution
		{882CA312-2788-44ED-B92D-B56D5B3FEF2C}.Debug|Any CPU.ActiveCfg = Debug|Any CPU
		{882CA312-2788-44ED-B92D-B56D5B3FEF2C}.Debug|Any CPU.Build.0 = Debug|Any CPU
		{882CA312-2788-44ED-B92D-B56D5B3FEF2C}.Release|Any CPU.ActiveCfg = Release|Any CPU
		{882CA312-2788-44ED-B92D-B56D5B3FEF2C}.Release|Any CPU.Build.0 = Release|Any CPU
	EndGlobalSection
	GlobalSection(SolutionProperties) = preSolution
		HideSolutionNode = FALSE
	EndGlobalSection
	GlobalSection(ExtensibilityGlobals) = postSolution
		SolutionGuid = {51547FD7-14C3-48E5-8E75-1A75A3A94971}
	EndGlobalSection
EndGlobal
